// !$*UTF8*$!
{
	archiveVersion = 1;
	classes = {
	};
	objectVersion = 46;
	objects = {

/* Begin PBXBuildFile section */
		D406F55A17B0A11000E617E0 /* OCFWebServer.m in Sources */ = {isa = PBXBuildFile; fileRef = D406F55217B0A11000E617E0 /* OCFWebServer.m */; };
		D406F55B17B0A11000E617E0 /* OCFWebServerConnection.m in Sources */ = {isa = PBXBuildFile; fileRef = D406F55417B0A11000E617E0 /* OCFWebServerConnection.m */; };
		D406F55C17B0A11000E617E0 /* OCFWebServerRequest.m in Sources */ = {isa = PBXBuildFile; fileRef = D406F55717B0A11000E617E0 /* OCFWebServerRequest.m */; };
		D406F55D17B0A11000E617E0 /* OCFWebServerResponse.m in Sources */ = {isa = PBXBuildFile; fileRef = D406F55917B0A11000E617E0 /* OCFWebServerResponse.m */; };
		D406F55F17B0A1F600E617E0 /* CFNetwork.framework in Frameworks */ = {isa = PBXBuildFile; fileRef = D406F55E17B0A1F600E617E0 /* CFNetwork.framework */; };
		D406F56117B0A22500E617E0 /* SystemConfiguration.framework in Frameworks */ = {isa = PBXBuildFile; fileRef = D406F56017B0A22500E617E0 /* SystemConfiguration.framework */; };
		D406F56317B0A22D00E617E0 /* MobileCoreServices.framework in Frameworks */ = {isa = PBXBuildFile; fileRef = D406F56217B0A22D00E617E0 /* MobileCoreServices.framework */; };
		D406F56517B0A53300E617E0 /* libstdc++.dylib in Frameworks */ = {isa = PBXBuildFile; fileRef = D406F56417B0A53300E617E0 /* libstdc++.dylib */; };
		D406F56917B0A58600E617E0 /* AVFoundation.framework in Frameworks */ = {isa = PBXBuildFile; fileRef = D406F56817B0A58600E617E0 /* AVFoundation.framework */; };
		D406F56B17B0A58C00E617E0 /* AudioToolbox.framework in Frameworks */ = {isa = PBXBuildFile; fileRef = D406F56A17B0A58C00E617E0 /* AudioToolbox.framework */; };
		D406F56D17B0A59300E617E0 /* CoreAudio.framework in Frameworks */ = {isa = PBXBuildFile; fileRef = D406F56C17B0A59300E617E0 /* CoreAudio.framework */; };
		D406F56F17B0A5C300E617E0 /* Security.framework in Frameworks */ = {isa = PBXBuildFile; fileRef = D406F56E17B0A5C300E617E0 /* Security.framework */; };
		D406F57B17B0A7D700E617E0 /* SPLoginResources.bundle in Resources */ = {isa = PBXBuildFile; fileRef = D406F57A17B0A7D700E617E0 /* SPLoginResources.bundle */; };
		D406F57E17B0A82C00E617E0 /* libCocoaLibSpotify.a in Frameworks */ = {isa = PBXBuildFile; fileRef = D406F57617B0A78700E617E0 /* libCocoaLibSpotify.a */; };
		D406F58317B0AA0C00E617E0 /* SpotifyService.m in Sources */ = {isa = PBXBuildFile; fileRef = D406F58217B0AA0C00E617E0 /* SpotifyService.m */; };
		D406F58717B0AAA400E617E0 /* SpotifyApplicationKey.m in Sources */ = {isa = PBXBuildFile; fileRef = D406F58617B0AAA400E617E0 /* SpotifyApplicationKey.m */; };
		D4D3151917B09FC700CC0EF6 /* UIKit.framework in Frameworks */ = {isa = PBXBuildFile; fileRef = D4D3151817B09FC700CC0EF6 /* UIKit.framework */; };
		D4D3151B17B09FC700CC0EF6 /* Foundation.framework in Frameworks */ = {isa = PBXBuildFile; fileRef = D4D3151A17B09FC700CC0EF6 /* Foundation.framework */; };
		D4D3151D17B09FC700CC0EF6 /* CoreGraphics.framework in Frameworks */ = {isa = PBXBuildFile; fileRef = D4D3151C17B09FC700CC0EF6 /* CoreGraphics.framework */; };
		D4D3152317B09FC700CC0EF6 /* InfoPlist.strings in Resources */ = {isa = PBXBuildFile; fileRef = D4D3152117B09FC700CC0EF6 /* InfoPlist.strings */; };
		D4D3152517B09FC700CC0EF6 /* main.m in Sources */ = {isa = PBXBuildFile; fileRef = D4D3152417B09FC700CC0EF6 /* main.m */; };
		D4D3152917B09FC700CC0EF6 /* AppDelegate.m in Sources */ = {isa = PBXBuildFile; fileRef = D4D3152817B09FC700CC0EF6 /* AppDelegate.m */; };
		D4D3152B17B09FC700CC0EF6 /* Default.png in Resources */ = {isa = PBXBuildFile; fileRef = D4D3152A17B09FC700CC0EF6 /* Default.png */; };
		D4D3152D17B09FC700CC0EF6 /* Default@2x.png in Resources */ = {isa = PBXBuildFile; fileRef = D4D3152C17B09FC700CC0EF6 /* Default@2x.png */; };
		D4D3152F17B09FC700CC0EF6 /* Default-568h@2x.png in Resources */ = {isa = PBXBuildFile; fileRef = D4D3152E17B09FC700CC0EF6 /* Default-568h@2x.png */; };
		D4D3153217B09FC700CC0EF6 /* MainStoryboard_iPhone.storyboard in Resources */ = {isa = PBXBuildFile; fileRef = D4D3153017B09FC700CC0EF6 /* MainStoryboard_iPhone.storyboard */; };
		D4D3153517B09FC700CC0EF6 /* MainStoryboard_iPad.storyboard in Resources */ = {isa = PBXBuildFile; fileRef = D4D3153317B09FC700CC0EF6 /* MainStoryboard_iPad.storyboard */; };
		D4D3153817B09FC700CC0EF6 /* ViewController.m in Sources */ = {isa = PBXBuildFile; fileRef = D4D3153717B09FC700CC0EF6 /* ViewController.m */; };
		D4D3154017B09FC700CC0EF6 /* SenTestingKit.framework in Frameworks */ = {isa = PBXBuildFile; fileRef = D4D3153F17B09FC700CC0EF6 /* SenTestingKit.framework */; };
		D4D3154117B09FC700CC0EF6 /* UIKit.framework in Frameworks */ = {isa = PBXBuildFile; fileRef = D4D3151817B09FC700CC0EF6 /* UIKit.framework */; };
		D4D3154217B09FC700CC0EF6 /* Foundation.framework in Frameworks */ = {isa = PBXBuildFile; fileRef = D4D3151A17B09FC700CC0EF6 /* Foundation.framework */; };
		D4D3154A17B09FC700CC0EF6 /* InfoPlist.strings in Resources */ = {isa = PBXBuildFile; fileRef = D4D3154817B09FC700CC0EF6 /* InfoPlist.strings */; };
		D4D3154D17B09FC700CC0EF6 /* SpotifycastTests.m in Sources */ = {isa = PBXBuildFile; fileRef = D4D3154C17B09FC700CC0EF6 /* SpotifycastTests.m */; };
/* End PBXBuildFile section */

/* Begin PBXContainerItemProxy section */
		D406F57517B0A78700E617E0 /* PBXContainerItemProxy */ = {
			isa = PBXContainerItemProxy;
			containerPortal = D406F57017B0A78700E617E0 /* CocoaLibSpotify iOS Library.xcodeproj */;
			proxyType = 2;
			remoteGlobalIDString = 50AF49DC1439CBFE00E4A5EF;
			remoteInfo = CocoaLibSpotify;
		};
		D406F57717B0A78700E617E0 /* PBXContainerItemProxy */ = {
			isa = PBXContainerItemProxy;
			containerPortal = D406F57017B0A78700E617E0 /* CocoaLibSpotify iOS Library.xcodeproj */;
			proxyType = 2;
			remoteGlobalIDString = 50D4F52B156BCDE800E237DD;
			remoteInfo = CocoaLSTests;
		};
		D406F57C17B0A82800E617E0 /* PBXContainerItemProxy */ = {
			isa = PBXContainerItemProxy;
			containerPortal = D406F57017B0A78700E617E0 /* CocoaLibSpotify iOS Library.xcodeproj */;
			proxyType = 1;
			remoteGlobalIDString = 50AF49DB1439CBFE00E4A5EF;
			remoteInfo = CocoaLibSpotify;
		};
		D4D3154317B09FC700CC0EF6 /* PBXContainerItemProxy */ = {
			isa = PBXContainerItemProxy;
			containerPortal = D4D3150D17B09FC600CC0EF6 /* Project object */;
			proxyType = 1;
			remoteGlobalIDString = D4D3151417B09FC700CC0EF6;
			remoteInfo = Spotifycast;
		};
/* End PBXContainerItemProxy section */

/* Begin PBXFileReference section */
		D406F55117B0A11000E617E0 /* OCFWebServer.h */ = {isa = PBXFileReference; fileEncoding = 4; lastKnownFileType = sourcecode.c.h; path = OCFWebServer.h; sourceTree = "<group>"; };
		D406F55217B0A11000E617E0 /* OCFWebServer.m */ = {isa = PBXFileReference; fileEncoding = 4; lastKnownFileType = sourcecode.c.objc; path = OCFWebServer.m; sourceTree = "<group>"; };
		D406F55317B0A11000E617E0 /* OCFWebServerConnection.h */ = {isa = PBXFileReference; fileEncoding = 4; lastKnownFileType = sourcecode.c.h; path = OCFWebServerConnection.h; sourceTree = "<group>"; };
		D406F55417B0A11000E617E0 /* OCFWebServerConnection.m */ = {isa = PBXFileReference; fileEncoding = 4; lastKnownFileType = sourcecode.c.objc; path = OCFWebServerConnection.m; sourceTree = "<group>"; };
		D406F55517B0A11000E617E0 /* OCFWebServerPrivate.h */ = {isa = PBXFileReference; fileEncoding = 4; lastKnownFileType = sourcecode.c.h; path = OCFWebServerPrivate.h; sourceTree = "<group>"; };
		D406F55617B0A11000E617E0 /* OCFWebServerRequest.h */ = {isa = PBXFileReference; fileEncoding = 4; lastKnownFileType = sourcecode.c.h; path = OCFWebServerRequest.h; sourceTree = "<group>"; };
		D406F55717B0A11000E617E0 /* OCFWebServerRequest.m */ = {isa = PBXFileReference; fileEncoding = 4; lastKnownFileType = sourcecode.c.objc; path = OCFWebServerRequest.m; sourceTree = "<group>"; };
		D406F55817B0A11000E617E0 /* OCFWebServerResponse.h */ = {isa = PBXFileReference; fileEncoding = 4; lastKnownFileType = sourcecode.c.h; path = OCFWebServerResponse.h; sourceTree = "<group>"; };
		D406F55917B0A11000E617E0 /* OCFWebServerResponse.m */ = {isa = PBXFileReference; fileEncoding = 4; lastKnownFileType = sourcecode.c.objc; path = OCFWebServerResponse.m; sourceTree = "<group>"; };
		D406F55E17B0A1F600E617E0 /* CFNetwork.framework */ = {isa = PBXFileReference; lastKnownFileType = wrapper.framework; name = CFNetwork.framework; path = System/Library/Frameworks/CFNetwork.framework; sourceTree = SDKROOT; };
		D406F56017B0A22500E617E0 /* SystemConfiguration.framework */ = {isa = PBXFileReference; lastKnownFileType = wrapper.framework; name = SystemConfiguration.framework; path = System/Library/Frameworks/SystemConfiguration.framework; sourceTree = SDKROOT; };
		D406F56217B0A22D00E617E0 /* MobileCoreServices.framework */ = {isa = PBXFileReference; lastKnownFileType = wrapper.framework; name = MobileCoreServices.framework; path = System/Library/Frameworks/MobileCoreServices.framework; sourceTree = SDKROOT; };
		D406F56417B0A53300E617E0 /* libstdc++.dylib */ = {isa = PBXFileReference; lastKnownFileType = "compiled.mach-o.dylib"; name = "libstdc++.dylib"; path = "usr/lib/libstdc++.dylib"; sourceTree = SDKROOT; };
		D406F56617B0A55B00E617E0 /* libspotify.framework */ = {isa = PBXFileReference; lastKnownFileType = wrapper.framework; name = libspotify.framework; path = Frameworks/libspotify.framework; sourceTree = "<group>"; };
		D406F56817B0A58600E617E0 /* AVFoundation.framework */ = {isa = PBXFileReference; lastKnownFileType = wrapper.framework; name = AVFoundation.framework; path = System/Library/Frameworks/AVFoundation.framework; sourceTree = SDKROOT; };
		D406F56A17B0A58C00E617E0 /* AudioToolbox.framework */ = {isa = PBXFileReference; lastKnownFileType = wrapper.framework; name = AudioToolbox.framework; path = System/Library/Frameworks/AudioToolbox.framework; sourceTree = SDKROOT; };
		D406F56C17B0A59300E617E0 /* CoreAudio.framework */ = {isa = PBXFileReference; lastKnownFileType = wrapper.framework; name = CoreAudio.framework; path = System/Library/Frameworks/CoreAudio.framework; sourceTree = SDKROOT; };
		D406F56E17B0A5C300E617E0 /* Security.framework */ = {isa = PBXFileReference; lastKnownFileType = wrapper.framework; name = Security.framework; path = System/Library/Frameworks/Security.framework; sourceTree = SDKROOT; };
		D406F57017B0A78700E617E0 /* CocoaLibSpotify iOS Library.xcodeproj */ = {isa = PBXFileReference; lastKnownFileType = "wrapper.pb-project"; name = "CocoaLibSpotify iOS Library.xcodeproj"; path = "Libraries/cocoalibspotify/iOS Library/CocoaLibSpotify iOS Library.xcodeproj"; sourceTree = "<group>"; };
		D406F57A17B0A7D700E617E0 /* SPLoginResources.bundle */ = {isa = PBXFileReference; lastKnownFileType = "wrapper.plug-in"; name = SPLoginResources.bundle; path = "Libraries/cocoalibspotify/iOS Library/SPLoginResources.bundle"; sourceTree = "<group>"; };
		D406F58117B0AA0C00E617E0 /* SpotifyService.h */ = {isa = PBXFileReference; fileEncoding = 4; lastKnownFileType = sourcecode.c.h; name = SpotifyService.h; path = Spotifycast/Services/Spotify/SpotifyService.h; sourceTree = "<group>"; };
		D406F58217B0AA0C00E617E0 /* SpotifyService.m */ = {isa = PBXFileReference; fileEncoding = 4; lastKnownFileType = sourcecode.c.objc; name = SpotifyService.m; path = Spotifycast/Services/Spotify/SpotifyService.m; sourceTree = "<group>"; };
		D406F58517B0AAA400E617E0 /* SpotifyApplicationKey.h */ = {isa = PBXFileReference; fileEncoding = 4; lastKnownFileType = sourcecode.c.h; name = SpotifyApplicationKey.h; path = Spotifycast/Services/Spotify/SpotifyApplicationKey.h; sourceTree = "<group>"; };
		D406F58617B0AAA400E617E0 /* SpotifyApplicationKey.m */ = {isa = PBXFileReference; fileEncoding = 4; lastKnownFileType = sourcecode.c.objc; name = SpotifyApplicationKey.m; path = Spotifycast/Services/Spotify/SpotifyApplicationKey.m; sourceTree = "<group>"; };
		D4D3151517B09FC700CC0EF6 /* Spotifycast.app */ = {isa = PBXFileReference; explicitFileType = wrapper.application; includeInIndex = 0; path = Spotifycast.app; sourceTree = BUILT_PRODUCTS_DIR; };
		D4D3151817B09FC700CC0EF6 /* UIKit.framework */ = {isa = PBXFileReference; lastKnownFileType = wrapper.framework; name = UIKit.framework; path = System/Library/Frameworks/UIKit.framework; sourceTree = SDKROOT; };
		D4D3151A17B09FC700CC0EF6 /* Foundation.framework */ = {isa = PBXFileReference; lastKnownFileType = wrapper.framework; name = Foundation.framework; path = System/Library/Frameworks/Foundation.framework; sourceTree = SDKROOT; };
		D4D3151C17B09FC700CC0EF6 /* CoreGraphics.framework */ = {isa = PBXFileReference; lastKnownFileType = wrapper.framework; name = CoreGraphics.framework; path = System/Library/Frameworks/CoreGraphics.framework; sourceTree = SDKROOT; };
		D4D3152017B09FC700CC0EF6 /* Spotifycast-Info.plist */ = {isa = PBXFileReference; lastKnownFileType = text.plist.xml; path = "Spotifycast-Info.plist"; sourceTree = "<group>"; };
		D4D3152217B09FC700CC0EF6 /* en */ = {isa = PBXFileReference; lastKnownFileType = text.plist.strings; name = en; path = en.lproj/InfoPlist.strings; sourceTree = "<group>"; };
		D4D3152417B09FC700CC0EF6 /* main.m */ = {isa = PBXFileReference; lastKnownFileType = sourcecode.c.objc; path = main.m; sourceTree = "<group>"; };
		D4D3152617B09FC700CC0EF6 /* Spotifycast-Prefix.pch */ = {isa = PBXFileReference; lastKnownFileType = sourcecode.c.h; path = "Spotifycast-Prefix.pch"; sourceTree = "<group>"; };
		D4D3152717B09FC700CC0EF6 /* AppDelegate.h */ = {isa = PBXFileReference; lastKnownFileType = sourcecode.c.h; path = AppDelegate.h; sourceTree = "<group>"; };
		D4D3152817B09FC700CC0EF6 /* AppDelegate.m */ = {isa = PBXFileReference; lastKnownFileType = sourcecode.c.objc; path = AppDelegate.m; sourceTree = "<group>"; };
		D4D3152A17B09FC700CC0EF6 /* Default.png */ = {isa = PBXFileReference; lastKnownFileType = image.png; path = Default.png; sourceTree = "<group>"; };
		D4D3152C17B09FC700CC0EF6 /* Default@2x.png */ = {isa = PBXFileReference; lastKnownFileType = image.png; path = "Default@2x.png"; sourceTree = "<group>"; };
		D4D3152E17B09FC700CC0EF6 /* Default-568h@2x.png */ = {isa = PBXFileReference; lastKnownFileType = image.png; path = "Default-568h@2x.png"; sourceTree = "<group>"; };
		D4D3153117B09FC700CC0EF6 /* en */ = {isa = PBXFileReference; lastKnownFileType = file.storyboard; name = en; path = en.lproj/MainStoryboard_iPhone.storyboard; sourceTree = "<group>"; };
		D4D3153417B09FC700CC0EF6 /* en */ = {isa = PBXFileReference; lastKnownFileType = file.storyboard; name = en; path = en.lproj/MainStoryboard_iPad.storyboard; sourceTree = "<group>"; };
		D4D3153617B09FC700CC0EF6 /* ViewController.h */ = {isa = PBXFileReference; lastKnownFileType = sourcecode.c.h; path = ViewController.h; sourceTree = "<group>"; };
		D4D3153717B09FC700CC0EF6 /* ViewController.m */ = {isa = PBXFileReference; lastKnownFileType = sourcecode.c.objc; path = ViewController.m; sourceTree = "<group>"; };
		D4D3153E17B09FC700CC0EF6 /* SpotifycastTests.octest */ = {isa = PBXFileReference; explicitFileType = wrapper.cfbundle; includeInIndex = 0; path = SpotifycastTests.octest; sourceTree = BUILT_PRODUCTS_DIR; };
		D4D3153F17B09FC700CC0EF6 /* SenTestingKit.framework */ = {isa = PBXFileReference; lastKnownFileType = wrapper.framework; name = SenTestingKit.framework; path = Library/Frameworks/SenTestingKit.framework; sourceTree = DEVELOPER_DIR; };
		D4D3154717B09FC700CC0EF6 /* SpotifycastTests-Info.plist */ = {isa = PBXFileReference; lastKnownFileType = text.plist.xml; path = "SpotifycastTests-Info.plist"; sourceTree = "<group>"; };
		D4D3154917B09FC700CC0EF6 /* en */ = {isa = PBXFileReference; lastKnownFileType = text.plist.strings; name = en; path = en.lproj/InfoPlist.strings; sourceTree = "<group>"; };
		D4D3154B17B09FC700CC0EF6 /* SpotifycastTests.h */ = {isa = PBXFileReference; lastKnownFileType = sourcecode.c.h; path = SpotifycastTests.h; sourceTree = "<group>"; };
		D4D3154C17B09FC700CC0EF6 /* SpotifycastTests.m */ = {isa = PBXFileReference; lastKnownFileType = sourcecode.c.objc; path = SpotifycastTests.m; sourceTree = "<group>"; };
/* End PBXFileReference section */

/* Begin PBXFrameworksBuildPhase section */
		D4D3151217B09FC700CC0EF6 /* Frameworks */ = {
			isa = PBXFrameworksBuildPhase;
			buildActionMask = 2147483647;
			files = (
				D406F57E17B0A82C00E617E0 /* libCocoaLibSpotify.a in Frameworks */,
				D406F56F17B0A5C300E617E0 /* Security.framework in Frameworks */,
				D406F56D17B0A59300E617E0 /* CoreAudio.framework in Frameworks */,
				D406F56B17B0A58C00E617E0 /* AudioToolbox.framework in Frameworks */,
				D406F56917B0A58600E617E0 /* AVFoundation.framework in Frameworks */,
				D406F56517B0A53300E617E0 /* libstdc++.dylib in Frameworks */,
				D406F56317B0A22D00E617E0 /* MobileCoreServices.framework in Frameworks */,
				D406F56117B0A22500E617E0 /* SystemConfiguration.framework in Frameworks */,
				D406F55F17B0A1F600E617E0 /* CFNetwork.framework in Frameworks */,
				D4D3151917B09FC700CC0EF6 /* UIKit.framework in Frameworks */,
				D4D3151B17B09FC700CC0EF6 /* Foundation.framework in Frameworks */,
				D4D3151D17B09FC700CC0EF6 /* CoreGraphics.framework in Frameworks */,
			);
			runOnlyForDeploymentPostprocessing = 0;
		};
		D4D3153A17B09FC700CC0EF6 /* Frameworks */ = {
			isa = PBXFrameworksBuildPhase;
			buildActionMask = 2147483647;
			files = (
				D4D3154017B09FC700CC0EF6 /* SenTestingKit.framework in Frameworks */,
				D4D3154117B09FC700CC0EF6 /* UIKit.framework in Frameworks */,
				D4D3154217B09FC700CC0EF6 /* Foundation.framework in Frameworks */,
			);
			runOnlyForDeploymentPostprocessing = 0;
		};
/* End PBXFrameworksBuildPhase section */

/* Begin PBXGroup section */
		D406F54F17B0A10000E617E0 /* Libraries */ = {
			isa = PBXGroup;
			children = (
				D406F55017B0A11000E617E0 /* OCFWebServer */,
			);
			name = Libraries;
			sourceTree = "<group>";
		};
		D406F55017B0A11000E617E0 /* OCFWebServer */ = {
			isa = PBXGroup;
			children = (
				D406F55117B0A11000E617E0 /* OCFWebServer.h */,
				D406F55217B0A11000E617E0 /* OCFWebServer.m */,
				D406F55317B0A11000E617E0 /* OCFWebServerConnection.h */,
				D406F55417B0A11000E617E0 /* OCFWebServerConnection.m */,
				D406F55517B0A11000E617E0 /* OCFWebServerPrivate.h */,
				D406F55617B0A11000E617E0 /* OCFWebServerRequest.h */,
				D406F55717B0A11000E617E0 /* OCFWebServerRequest.m */,
				D406F55817B0A11000E617E0 /* OCFWebServerResponse.h */,
				D406F55917B0A11000E617E0 /* OCFWebServerResponse.m */,
			);
			name = OCFWebServer;
			path = Libraries/OCFWebServer/OCFWebServer;
			sourceTree = "<group>";
		};
		D406F57117B0A78700E617E0 /* Products */ = {
			isa = PBXGroup;
			children = (
				D406F57617B0A78700E617E0 /* libCocoaLibSpotify.a */,
				D406F57817B0A78700E617E0 /* CocoaLSTests.app */,
			);
			name = Products;
			sourceTree = "<group>";
		};
		D406F57917B0A7BB00E617E0 /* Resources */ = {
			isa = PBXGroup;
			children = (
				D406F57A17B0A7D700E617E0 /* SPLoginResources.bundle */,
			);
			name = Resources;
			sourceTree = "<group>";
		};
		D406F57F17B0A9C900E617E0 /* Services */ = {
			isa = PBXGroup;
			children = (
				D406F58017B0A9EC00E617E0 /* Spotify */,
			);
			name = Services;
			sourceTree = "<group>";
		};
		D406F58017B0A9EC00E617E0 /* Spotify */ = {
			isa = PBXGroup;
			children = (
				D406F58117B0AA0C00E617E0 /* SpotifyService.h */,
				D406F58217B0AA0C00E617E0 /* SpotifyService.m */,
				D406F58517B0AAA400E617E0 /* SpotifyApplicationKey.h */,
				D406F58617B0AAA400E617E0 /* SpotifyApplicationKey.m */,
			);
			name = Spotify;
			sourceTree = "<group>";
		};
		D4D3150C17B09FC600CC0EF6 = {
			isa = PBXGroup;
			children = (
				D406F57017B0A78700E617E0 /* CocoaLibSpotify iOS Library.xcodeproj */,
				D406F56E17B0A5C300E617E0 /* Security.framework */,
				D406F56C17B0A59300E617E0 /* CoreAudio.framework */,
				D406F56A17B0A58C00E617E0 /* AudioToolbox.framework */,
				D406F56817B0A58600E617E0 /* AVFoundation.framework */,
				D406F56417B0A53300E617E0 /* libstdc++.dylib */,
				D406F56217B0A22D00E617E0 /* MobileCoreServices.framework */,
				D406F56017B0A22500E617E0 /* SystemConfiguration.framework */,
				D406F55E17B0A1F600E617E0 /* CFNetwork.framework */,
				D406F54F17B0A10000E617E0 /* Libraries */,
				D406F57F17B0A9C900E617E0 /* Services */,
				D406F57917B0A7BB00E617E0 /* Resources */,
				D4D3151E17B09FC700CC0EF6 /* Spotifycast */,
				D4D3154517B09FC700CC0EF6 /* SpotifycastTests */,
				D4D3151717B09FC700CC0EF6 /* Frameworks */,
				D4D3151617B09FC700CC0EF6 /* Products */,
			);
			sourceTree = "<group>";
		};
		D4D3151617B09FC700CC0EF6 /* Products */ = {
			isa = PBXGroup;
			children = (
				D4D3151517B09FC700CC0EF6 /* Spotifycast.app */,
				D4D3153E17B09FC700CC0EF6 /* SpotifycastTests.octest */,
			);
			name = Products;
			sourceTree = "<group>";
		};
		D4D3151717B09FC700CC0EF6 /* Frameworks */ = {
			isa = PBXGroup;
			children = (
				D406F56617B0A55B00E617E0 /* libspotify.framework */,
				D4D3151817B09FC700CC0EF6 /* UIKit.framework */,
				D4D3151A17B09FC700CC0EF6 /* Foundation.framework */,
				D4D3151C17B09FC700CC0EF6 /* CoreGraphics.framework */,
				D4D3153F17B09FC700CC0EF6 /* SenTestingKit.framework */,
			);
			name = Frameworks;
			sourceTree = "<group>";
		};
		D4D3151E17B09FC700CC0EF6 /* Spotifycast */ = {
			isa = PBXGroup;
			children = (
				D4D3152717B09FC700CC0EF6 /* AppDelegate.h */,
				D4D3152817B09FC700CC0EF6 /* AppDelegate.m */,
				D4D3153017B09FC700CC0EF6 /* MainStoryboard_iPhone.storyboard */,
				D4D3153317B09FC700CC0EF6 /* MainStoryboard_iPad.storyboard */,
				D4D3153617B09FC700CC0EF6 /* ViewController.h */,
				D4D3153717B09FC700CC0EF6 /* ViewController.m */,
				D4D3151F17B09FC700CC0EF6 /* Supporting Files */,
			);
			path = Spotifycast;
			sourceTree = "<group>";
		};
		D4D3151F17B09FC700CC0EF6 /* Supporting Files */ = {
			isa = PBXGroup;
			children = (
				D4D3152017B09FC700CC0EF6 /* Spotifycast-Info.plist */,
				D4D3152117B09FC700CC0EF6 /* InfoPlist.strings */,
				D4D3152417B09FC700CC0EF6 /* main.m */,
				D4D3152617B09FC700CC0EF6 /* Spotifycast-Prefix.pch */,
				D4D3152A17B09FC700CC0EF6 /* Default.png */,
				D4D3152C17B09FC700CC0EF6 /* Default@2x.png */,
				D4D3152E17B09FC700CC0EF6 /* Default-568h@2x.png */,
			);
			name = "Supporting Files";
			sourceTree = "<group>";
		};
		D4D3154517B09FC700CC0EF6 /* SpotifycastTests */ = {
			isa = PBXGroup;
			children = (
				D4D3154B17B09FC700CC0EF6 /* SpotifycastTests.h */,
				D4D3154C17B09FC700CC0EF6 /* SpotifycastTests.m */,
				D4D3154617B09FC700CC0EF6 /* Supporting Files */,
			);
			path = SpotifycastTests;
			sourceTree = "<group>";
		};
		D4D3154617B09FC700CC0EF6 /* Supporting Files */ = {
			isa = PBXGroup;
			children = (
				D4D3154717B09FC700CC0EF6 /* SpotifycastTests-Info.plist */,
				D4D3154817B09FC700CC0EF6 /* InfoPlist.strings */,
			);
			name = "Supporting Files";
			sourceTree = "<group>";
		};
/* End PBXGroup section */

/* Begin PBXNativeTarget section */
		D4D3151417B09FC700CC0EF6 /* Spotifycast */ = {
			isa = PBXNativeTarget;
			buildConfigurationList = D4D3155017B09FC700CC0EF6 /* Build configuration list for PBXNativeTarget "Spotifycast" */;
			buildPhases = (
				D4D3151117B09FC700CC0EF6 /* Sources */,
				D4D3151217B09FC700CC0EF6 /* Frameworks */,
				D4D3151317B09FC700CC0EF6 /* Resources */,
			);
			buildRules = (
			);
			dependencies = (
				D406F57D17B0A82800E617E0 /* PBXTargetDependency */,
			);
			name = Spotifycast;
			productName = Spotifycast;
			productReference = D4D3151517B09FC700CC0EF6 /* Spotifycast.app */;
			productType = "com.apple.product-type.application";
		};
		D4D3153D17B09FC700CC0EF6 /* SpotifycastTests */ = {
			isa = PBXNativeTarget;
			buildConfigurationList = D4D3155317B09FC700CC0EF6 /* Build configuration list for PBXNativeTarget "SpotifycastTests" */;
			buildPhases = (
				D4D3153917B09FC700CC0EF6 /* Sources */,
				D4D3153A17B09FC700CC0EF6 /* Frameworks */,
				D4D3153B17B09FC700CC0EF6 /* Resources */,
				D4D3153C17B09FC700CC0EF6 /* ShellScript */,
			);
			buildRules = (
			);
			dependencies = (
				D4D3154417B09FC700CC0EF6 /* PBXTargetDependency */,
			);
			name = SpotifycastTests;
			productName = SpotifycastTests;
			productReference = D4D3153E17B09FC700CC0EF6 /* SpotifycastTests.octest */;
			productType = "com.apple.product-type.bundle";
		};
/* End PBXNativeTarget section */

/* Begin PBXProject section */
		D4D3150D17B09FC600CC0EF6 /* Project object */ = {
			isa = PBXProject;
			attributes = {
				LastUpgradeCheck = 0460;
				ORGANIZATIONNAME = "Pine Street Apps";
			};
			buildConfigurationList = D4D3151017B09FC700CC0EF6 /* Build configuration list for PBXProject "Spotifycast" */;
			compatibilityVersion = "Xcode 3.2";
			developmentRegion = English;
			hasScannedForEncodings = 0;
			knownRegions = (
				en,
			);
			mainGroup = D4D3150C17B09FC600CC0EF6;
			productRefGroup = D4D3151617B09FC700CC0EF6 /* Products */;
			projectDirPath = "";
			projectReferences = (
				{
					ProductGroup = D406F57117B0A78700E617E0 /* Products */;
					ProjectRef = D406F57017B0A78700E617E0 /* CocoaLibSpotify iOS Library.xcodeproj */;
				},
			);
			projectRoot = "";
			targets = (
				D4D3151417B09FC700CC0EF6 /* Spotifycast */,
				D4D3153D17B09FC700CC0EF6 /* SpotifycastTests */,
			);
		};
/* End PBXProject section */

/* Begin PBXReferenceProxy section */
		D406F57617B0A78700E617E0 /* libCocoaLibSpotify.a */ = {
			isa = PBXReferenceProxy;
			fileType = archive.ar;
			path = libCocoaLibSpotify.a;
			remoteRef = D406F57517B0A78700E617E0 /* PBXContainerItemProxy */;
			sourceTree = BUILT_PRODUCTS_DIR;
		};
		D406F57817B0A78700E617E0 /* CocoaLSTests.app */ = {
			isa = PBXReferenceProxy;
			fileType = wrapper.application;
			path = CocoaLSTests.app;
			remoteRef = D406F57717B0A78700E617E0 /* PBXContainerItemProxy */;
			sourceTree = BUILT_PRODUCTS_DIR;
		};
/* End PBXReferenceProxy section */

/* Begin PBXResourcesBuildPhase section */
		D4D3151317B09FC700CC0EF6 /* Resources */ = {
			isa = PBXResourcesBuildPhase;
			buildActionMask = 2147483647;
			files = (
				D4D3152317B09FC700CC0EF6 /* InfoPlist.strings in Resources */,
				D4D3152B17B09FC700CC0EF6 /* Default.png in Resources */,
				D4D3152D17B09FC700CC0EF6 /* Default@2x.png in Resources */,
				D4D3152F17B09FC700CC0EF6 /* Default-568h@2x.png in Resources */,
				D4D3153217B09FC700CC0EF6 /* MainStoryboard_iPhone.storyboard in Resources */,
				D4D3153517B09FC700CC0EF6 /* MainStoryboard_iPad.storyboard in Resources */,
				D406F57B17B0A7D700E617E0 /* SPLoginResources.bundle in Resources */,
			);
			runOnlyForDeploymentPostprocessing = 0;
		};
		D4D3153B17B09FC700CC0EF6 /* Resources */ = {
			isa = PBXResourcesBuildPhase;
			buildActionMask = 2147483647;
			files = (
				D4D3154A17B09FC700CC0EF6 /* InfoPlist.strings in Resources */,
			);
			runOnlyForDeploymentPostprocessing = 0;
		};
/* End PBXResourcesBuildPhase section */

/* Begin PBXShellScriptBuildPhase section */
		D4D3153C17B09FC700CC0EF6 /* ShellScript */ = {
			isa = PBXShellScriptBuildPhase;
			buildActionMask = 2147483647;
			files = (
			);
			inputPaths = (
			);
			outputPaths = (
			);
			runOnlyForDeploymentPostprocessing = 0;
			shellPath = /bin/sh;
			shellScript = "# Run the unit tests in this test bundle.\n\"${SYSTEM_DEVELOPER_DIR}/Tools/RunUnitTests\"\n";
		};
/* End PBXShellScriptBuildPhase section */

/* Begin PBXSourcesBuildPhase section */
		D4D3151117B09FC700CC0EF6 /* Sources */ = {
			isa = PBXSourcesBuildPhase;
			buildActionMask = 2147483647;
			files = (
				D4D3152517B09FC700CC0EF6 /* main.m in Sources */,
				D4D3152917B09FC700CC0EF6 /* AppDelegate.m in Sources */,
				D4D3153817B09FC700CC0EF6 /* ViewController.m in Sources */,
				D406F55A17B0A11000E617E0 /* OCFWebServer.m in Sources */,
				D406F55B17B0A11000E617E0 /* OCFWebServerConnection.m in Sources */,
				D406F55C17B0A11000E617E0 /* OCFWebServerRequest.m in Sources */,
				D406F55D17B0A11000E617E0 /* OCFWebServerResponse.m in Sources */,
				D406F58317B0AA0C00E617E0 /* SpotifyService.m in Sources */,
				D406F58717B0AAA400E617E0 /* SpotifyApplicationKey.m in Sources */,
			);
			runOnlyForDeploymentPostprocessing = 0;
		};
		D4D3153917B09FC700CC0EF6 /* Sources */ = {
			isa = PBXSourcesBuildPhase;
			buildActionMask = 2147483647;
			files = (
				D4D3154D17B09FC700CC0EF6 /* SpotifycastTests.m in Sources */,
			);
			runOnlyForDeploymentPostprocessing = 0;
		};
/* End PBXSourcesBuildPhase section */

/* Begin PBXTargetDependency section */
		D406F57D17B0A82800E617E0 /* PBXTargetDependency */ = {
			isa = PBXTargetDependency;
			name = CocoaLibSpotify;
			targetProxy = D406F57C17B0A82800E617E0 /* PBXContainerItemProxy */;
		};
		D4D3154417B09FC700CC0EF6 /* PBXTargetDependency */ = {
			isa = PBXTargetDependency;
			target = D4D3151417B09FC700CC0EF6 /* Spotifycast */;
			targetProxy = D4D3154317B09FC700CC0EF6 /* PBXContainerItemProxy */;
		};
/* End PBXTargetDependency section */

/* Begin PBXVariantGroup section */
		D4D3152117B09FC700CC0EF6 /* InfoPlist.strings */ = {
			isa = PBXVariantGroup;
			children = (
				D4D3152217B09FC700CC0EF6 /* en */,
			);
			name = InfoPlist.strings;
			sourceTree = "<group>";
		};
		D4D3153017B09FC700CC0EF6 /* MainStoryboard_iPhone.storyboard */ = {
			isa = PBXVariantGroup;
			children = (
				D4D3153117B09FC700CC0EF6 /* en */,
			);
			name = MainStoryboard_iPhone.storyboard;
			sourceTree = "<group>";
		};
		D4D3153317B09FC700CC0EF6 /* MainStoryboard_iPad.storyboard */ = {
			isa = PBXVariantGroup;
			children = (
				D4D3153417B09FC700CC0EF6 /* en */,
			);
			name = MainStoryboard_iPad.storyboard;
			sourceTree = "<group>";
		};
		D4D3154817B09FC700CC0EF6 /* InfoPlist.strings */ = {
			isa = PBXVariantGroup;
			children = (
				D4D3154917B09FC700CC0EF6 /* en */,
			);
			name = InfoPlist.strings;
			sourceTree = "<group>";
		};
/* End PBXVariantGroup section */

/* Begin XCBuildConfiguration section */
		D4D3154E17B09FC700CC0EF6 /* Debug */ = {
			isa = XCBuildConfiguration;
			buildSettings = {
				ALWAYS_SEARCH_USER_PATHS = NO;
				CLANG_CXX_LANGUAGE_STANDARD = "gnu++0x";
				CLANG_CXX_LIBRARY = "libc++";
				CLANG_ENABLE_OBJC_ARC = YES;
				CLANG_WARN_CONSTANT_CONVERSION = YES;
				CLANG_WARN_EMPTY_BODY = YES;
				CLANG_WARN_ENUM_CONVERSION = YES;
				CLANG_WARN_INT_CONVERSION = YES;
				CLANG_WARN__DUPLICATE_METHOD_MATCH = YES;
				"CODE_SIGN_IDENTITY[sdk=iphoneos*]" = "iPhone Developer";
				COPY_PHASE_STRIP = NO;
				GCC_C_LANGUAGE_STANDARD = gnu99;
				GCC_DYNAMIC_NO_PIC = NO;
				GCC_OPTIMIZATION_LEVEL = 0;
				GCC_PREPROCESSOR_DEFINITIONS = (
					"DEBUG=1",
					"$(inherited)",
				);
				GCC_SYMBOLS_PRIVATE_EXTERN = NO;
				GCC_WARN_ABOUT_RETURN_TYPE = YES;
				GCC_WARN_UNINITIALIZED_AUTOS = YES;
				GCC_WARN_UNUSED_VARIABLE = YES;
				IPHONEOS_DEPLOYMENT_TARGET = 6.1;
				ONLY_ACTIVE_ARCH = YES;
				SDKROOT = iphoneos;
				TARGETED_DEVICE_FAMILY = "1,2";
			};
			name = Debug;
		};
		D4D3154F17B09FC700CC0EF6 /* Release */ = {
			isa = XCBuildConfiguration;
			buildSettings = {
				ALWAYS_SEARCH_USER_PATHS = NO;
				CLANG_CXX_LANGUAGE_STANDARD = "gnu++0x";
				CLANG_CXX_LIBRARY = "libc++";
				CLANG_ENABLE_OBJC_ARC = YES;
				CLANG_WARN_CONSTANT_CONVERSION = YES;
				CLANG_WARN_EMPTY_BODY = YES;
				CLANG_WARN_ENUM_CONVERSION = YES;
				CLANG_WARN_INT_CONVERSION = YES;
				CLANG_WARN__DUPLICATE_METHOD_MATCH = YES;
				"CODE_SIGN_IDENTITY[sdk=iphoneos*]" = "iPhone Developer";
				COPY_PHASE_STRIP = YES;
				GCC_C_LANGUAGE_STANDARD = gnu99;
				GCC_WARN_ABOUT_RETURN_TYPE = YES;
				GCC_WARN_UNINITIALIZED_AUTOS = YES;
				GCC_WARN_UNUSED_VARIABLE = YES;
				IPHONEOS_DEPLOYMENT_TARGET = 6.1;
				OTHER_CFLAGS = "-DNS_BLOCK_ASSERTIONS=1";
				SDKROOT = iphoneos;
				TARGETED_DEVICE_FAMILY = "1,2";
				VALIDATE_PRODUCT = YES;
			};
			name = Release;
		};
		D4D3155117B09FC700CC0EF6 /* Debug */ = {
			isa = XCBuildConfiguration;
			buildSettings = {
				FRAMEWORK_SEARCH_PATHS = (
					"$(inherited)",
					"\"$(SRCROOT)/Frameworks\"",
					$CONFIGURATION_BUILD_DIR/include,
				);
				GCC_PRECOMPILE_PREFIX_HEADER = YES;
				GCC_PREFIX_HEADER = "Spotifycast/Spotifycast-Prefix.pch";
				HEADER_SEARCH_PATHS = "$(SRCROOT)/Libraries";
				INFOPLIST_FILE = "Spotifycast/Spotifycast-Info.plist";
				IPHONEOS_DEPLOYMENT_TARGET = 6.0;
				OTHER_LDFLAGS = (
					"-ObjC",
					"-all_load",
				);
				PRODUCT_NAME = "$(TARGET_NAME)";
				WRAPPER_EXTENSION = app;
			};
			name = Debug;
		};
		D4D3155217B09FC700CC0EF6 /* Release */ = {
			isa = XCBuildConfiguration;
			buildSettings = {
				FRAMEWORK_SEARCH_PATHS = (
					"$(inherited)",
					"\"$(SRCROOT)/Frameworks\"",
					$CONFIGURATION_BUILD_DIR/include,
				);
				GCC_PRECOMPILE_PREFIX_HEADER = YES;
				GCC_PREFIX_HEADER = "Spotifycast/Spotifycast-Prefix.pch";
				HEADER_SEARCH_PATHS = "$(SRCROOT)/Libraries";
				INFOPLIST_FILE = "Spotifycast/Spotifycast-Info.plist";
				IPHONEOS_DEPLOYMENT_TARGET = 6.0;
				OTHER_LDFLAGS = (
					"-ObjC",
					"-all_load",
				);
				PRODUCT_NAME = "$(TARGET_NAME)";
				WRAPPER_EXTENSION = app;
			};
			name = Release;
		};
		D4D3155417B09FC700CC0EF6 /* Debug */ = {
			isa = XCBuildConfiguration;
			buildSettings = {
				BUNDLE_LOADER = "$(BUILT_PRODUCTS_DIR)/Spotifycast.app/Spotifycast";
				FRAMEWORK_SEARCH_PATHS = (
					"\"$(SDKROOT)/Developer/Library/Frameworks\"",
					"\"$(DEVELOPER_LIBRARY_DIR)/Frameworks\"",
				);
				GCC_PRECOMPILE_PREFIX_HEADER = YES;
				GCC_PREFIX_HEADER = "Spotifycast/Spotifycast-Prefix.pch";
				INFOPLIST_FILE = "SpotifycastTests/SpotifycastTests-Info.plist";
				PRODUCT_NAME = "$(TARGET_NAME)";
				TEST_HOST = "$(BUNDLE_LOADER)";
				WRAPPER_EXTENSION = octest;
			};
			name = Debug;
		};
		D4D3155517B09FC700CC0EF6 /* Release */ = {
			isa = XCBuildConfiguration;
			buildSettings = {
				BUNDLE_LOADER = "$(BUILT_PRODUCTS_DIR)/Spotifycast.app/Spotifycast";
				FRAMEWORK_SEARCH_PATHS = (
					"\"$(SDKROOT)/Developer/Library/Frameworks\"",
					"\"$(DEVELOPER_LIBRARY_DIR)/Frameworks\"",
				);
				GCC_PRECOMPILE_PREFIX_HEADER = YES;
				GCC_PREFIX_HEADER = "Spotifycast/Spotifycast-Prefix.pch";
				INFOPLIST_FILE = "SpotifycastTests/SpotifycastTests-Info.plist";
				PRODUCT_NAME = "$(TARGET_NAME)";
				TEST_HOST = "$(BUNDLE_LOADER)";
				WRAPPER_EXTENSION = octest;
			};
			name = Release;
		};
/* End XCBuildConfiguration section */

/* Begin XCConfigurationList section */
		D4D3151017B09FC700CC0EF6 /* Build configuration list for PBXProject "Spotifycast" */ = {
			isa = XCConfigurationList;
			buildConfigurations = (
				D4D3154E17B09FC700CC0EF6 /* Debug */,
				D4D3154F17B09FC700CC0EF6 /* Release */,
			);
			defaultConfigurationIsVisible = 0;
			defaultConfigurationName = Release;
		};
		D4D3155017B09FC700CC0EF6 /* Build configuration list for PBXNativeTarget "Spotifycast" */ = {
			isa = XCConfigurationList;
			buildConfigurations = (
				D4D3155117B09FC700CC0EF6 /* Debug */,
				D4D3155217B09FC700CC0EF6 /* Release */,
			);
			defaultConfigurationIsVisible = 0;
			defaultConfigurationName = Release;
		};
		D4D3155317B09FC700CC0EF6 /* Build configuration list for PBXNativeTarget "SpotifycastTests" */ = {
			isa = XCConfigurationList;
			buildConfigurations = (
				D4D3155417B09FC700CC0EF6 /* Debug */,
				D4D3155517B09FC700CC0EF6 /* Release */,
			);
			defaultConfigurationIsVisible = 0;
			defaultConfigurationName = Release;
		};
/* End XCConfigurationList section */
	};
	rootObject = D4D3150D17B09FC600CC0EF6 /* Project object */;
}
